
Microsoft Visual Studio Solution File, Format Version 12.00
Project("{FAE04EC0-301F-11D3-BF4B-00C04F79EFBC}") = "CodeJamApi", "src\CodeJamApi\CodeJamApi.csproj", "{333CE235-523B-4F9E-AD9E-6A8628F215DF}"
EndProject
Global
	GlobalSection(SolutionConfigurationPlatforms) = preSolution
		Debug|Any CPU = Debug|Any CPU
		Release|Any CPU = Release|Any CPU
	EndGlobalSection
	GlobalSection(ProjectConfigurationPlatforms) = postSolution
		{333CE235-523B-4F9E-AD9E-6A8628F215DF}.Debug|Any CPU.ActiveCfg = Debug|Any CPU
		{333CE235-523B-4F9E-AD9E-6A8628F215DF}.Debug|Any CPU.Build.0 = Debug|Any CPU
		{333CE235-523B-4F9E-AD9E-6A8628F215DF}.Release|Any CPU.ActiveCfg = Release|Any CPU
		{333CE235-523B-4F9E-AD9E-6A8628F215DF}.Release|Any CPU.Build.0 = Release|Any CPU
	EndGlobalSection
EndGlobal
